
Microsoft Visual Studio Solution File, Format Version 12.00
Project("{FAE04EC0-301F-11D3-BF4B-00C04F79EFBC}") = "BotFramework", "src\BotFramework\BotFramework.csproj", "{6FE4CEBB-F181-4089-A589-8DCE55175E95}"
EndProject
Project("{FAE04EC0-301F-11D3-BF4B-00C04F79EFBC}") = "BotTemplateWebApi", "src\BotTemplateWebApi\BotTemplateWebApi.csproj", "{CE7946E0-8064-4191-AA62-9ED7EB0CFE75}"
EndProject
Global
	GlobalSection(SolutionConfigurationPlatforms) = preSolution
		Debug|Any CPU = Debug|Any CPU
		Release|Any CPU = Release|Any CPU
	EndGlobalSection
	GlobalSection(ProjectConfigurationPlatforms) = postSolution
		{6FE4CEBB-F181-4089-A589-8DCE55175E95}.Debug|Any CPU.ActiveCfg = Debug|Any CPU
		{6FE4CEBB-F181-4089-A589-8DCE55175E95}.Debug|Any CPU.Build.0 = Debug|Any CPU
		{6FE4CEBB-F181-4089-A589-8DCE55175E95}.Release|Any CPU.ActiveCfg = Release|Any CPU
		{6FE4CEBB-F181-4089-A589-8DCE55175E95}.Release|Any CPU.Build.0 = Release|Any CPU
		{CE7946E0-8064-4191-AA62-9ED7EB0CFE75}.Debug|Any CPU.ActiveCfg = Debug|Any CPU
		{CE7946E0-8064-4191-AA62-9ED7EB0CFE75}.Debug|Any CPU.Build.0 = Debug|Any CPU
		{CE7946E0-8064-4191-AA62-9ED7EB0CFE75}.Release|Any CPU.ActiveCfg = Release|Any CPU
		{CE7946E0-8064-4191-AA62-9ED7EB0CFE75}.Release|Any CPU.Build.0 = Release|Any CPU
	EndGlobalSection
EndGlobal
